
Microsoft Visual Studio Solution File, Format Version 12.00
# Visual Studio 15
VisualStudioVersion = 15.0.28307.168
MinimumVisualStudioVersion = 10.0.40219.1
Project("{FAE04EC0-301F-11D3-BF4B-00C04F79EFBC}") = "IronPdfTest", "IronPdfTest\IronPdfTest.csproj", "{E600FD85-5600-4FE9-BF1D-19E4734751B4}"
EndProject
Global
	GlobalSection(SolutionConfigurationPlatforms) = preSolution
		Debug|Any CPU = Debug|Any CPU
		Release|Any CPU = Release|Any CPU
	EndGlobalSection
	GlobalSection(ProjectConfigurationPlatforms) = postSolution
		{E600FD85-5600-4FE9-BF1D-19E4734751B4}.Debug|Any CPU.ActiveCfg = Debug|Any CPU
		{E600FD85-5600-4FE9-BF1D-19E4734751B4}.Debug|Any CPU.Build.0 = Debug|Any CPU
		{E600FD85-5600-4FE9-BF1D-19E4734751B4}.Release|Any CPU.ActiveCfg = Release|Any CPU
		{E600FD85-5600-4FE9-BF1D-19E4734751B4}.Release|Any CPU.Build.0 = Release|Any CPU
	EndGlobalSection
	GlobalSection(SolutionProperties) = preSolution
		HideSolutionNode = FALSE
	EndGlobalSection
	GlobalSection(ExtensibilityGlobals) = postSolution
		SolutionGuid = {C8599314-8180-42F8-B836-67112D0FE9AC}
	EndGlobalSection
EndGlobal
